{
  "name": "workspaces",
  "version": "1.0.0",
  "lockfileVersion": 2,
  "requires": true,
  "packages": {
    "": {
      "name": "workspaces",
      "version": "1.0.0",
      "license": "ISC",
      "workspaces": [
        "packages/front",
        "packages/back"
      ]
    },
    "node_modules/back": {
      "resolved": "packages/back",
      "link": true
    },
    "node_modules/front": {
      "resolved": "packages/front",
      "link": true
    },
    "packages/back": {
      "version": "1.0.0",
      "license": "ISC"
    },
    "packages/front": {
      "version": "1.0.0",
      "license": "ISC"
    }
  },
  "dependencies": {
    "back": {
      "version": "file:packages/back"
    },
    "front": {
      "version": "file:packages/front"
    }
  }
}
